
Microsoft Visual Studio Solution File, Format Version 12.00
# Visual Studio Version 17
VisualStudioVersion = 17.7.34024.191
MinimumVisualStudioVersion = 10.0.40219.1
Project("{FAE04EC0-301F-11D3-BF4B-00C04F79EFBC}") = "WeatherApi.Tests", "tests\WeatherApi.Tests\WeatherApi.Tests.csproj", "{0DF09DC4-2A5B-4B2B-B2C5-B6C8EB7F273A}"
EndProject
Project("{FAE04EC0-301F-11D3-BF4B-00C04F79EFBC}") = "WeatherApi", "src\WeatherApi\WeatherApi.csproj", "{4C52F9B3-E345-407B-8827-DABE8C421035}"
EndProject
Global
	GlobalSection(SolutionConfigurationPlatforms) = preSolution
		Debug|Any CPU = Debug|Any CPU
		Release|Any CPU = Release|Any CPU
	EndGlobalSection
	GlobalSection(ProjectConfigurationPlatforms) = postSolution
		{0DF09DC4-2A5B-4B2B-B2C5-B6C8EB7F273A}.Debug|Any CPU.ActiveCfg = Debug|Any CPU
		{0DF09DC4-2A5B-4B2B-B2C5-B6C8EB7F273A}.Debug|Any CPU.Build.0 = Debug|Any CPU
		{0DF09DC4-2A5B-4B2B-B2C5-B6C8EB7F273A}.Release|Any CPU.ActiveCfg = Release|Any CPU
		{0DF09DC4-2A5B-4B2B-B2C5-B6C8EB7F273A}.Release|Any CPU.Build.0 = Release|Any CPU
		{4C52F9B3-E345-407B-8827-DABE8C421035}.Debug|Any CPU.ActiveCfg = Debug|Any CPU
		{4C52F9B3-E345-407B-8827-DABE8C421035}.Debug|Any CPU.Build.0 = Debug|Any CPU
		{4C52F9B3-E345-407B-8827-DABE8C421035}.Release|Any CPU.ActiveCfg = Release|Any CPU
		{4C52F9B3-E345-407B-8827-DABE8C421035}.Release|Any CPU.Build.0 = Release|Any CPU
	EndGlobalSection
	GlobalSection(SolutionProperties) = preSolution
		HideSolutionNode = FALSE
	EndGlobalSection
	GlobalSection(ExtensibilityGlobals) = postSolution
		SolutionGuid = {0B836B78-8A90-433C-BBB0-686A2002095D}
	EndGlobalSection
EndGlobal
